
Microsoft Visual Studio Solution File, Format Version 12.00
# Visual Studio Version 17
VisualStudioVersion = 17.6.33829.357
MinimumVisualStudioVersion = 10.0.40219.1
Project("{FAE04EC0-301F-11D3-BF4B-00C04F79EFBC}") = "mi premera calculadora", "mi premera calculadora.csproj", "{BDFB132F-9C19-4BCB-8C40-39E88895C77D}"
EndProject
Global
	GlobalSection(SolutionConfigurationPlatforms) = preSolution
		Debug|Any CPU = Debug|Any CPU
		Release|Any CPU = Release|Any CPU
	EndGlobalSection
	GlobalSection(ProjectConfigurationPlatforms) = postSolution
		{BDFB132F-9C19-4BCB-8C40-39E88895C77D}.Debug|Any CPU.ActiveCfg = Debug|Any CPU
		{BDFB132F-9C19-4BCB-8C40-39E88895C77D}.Debug|Any CPU.Build.0 = Debug|Any CPU
		{BDFB132F-9C19-4BCB-8C40-39E88895C77D}.Release|Any CPU.ActiveCfg = Release|Any CPU
		{BDFB132F-9C19-4BCB-8C40-39E88895C77D}.Release|Any CPU.Build.0 = Release|Any CPU
	EndGlobalSection
	GlobalSection(SolutionProperties) = preSolution
		HideSolutionNode = FALSE
	EndGlobalSection
	GlobalSection(ExtensibilityGlobals) = postSolution
		SolutionGuid = {5A2F8E51-3CCC-4713-AF6E-3C1492983B6D}
	EndGlobalSection
EndGlobal
